
Microsoft Visual Studio Solution File, Format Version 12.00
# Visual Studio 15
VisualStudioVersion = 15.0.27428.2027
MinimumVisualStudioVersion = 10.0.40219.1
Project("{FAE04EC0-301F-11D3-BF4B-00C04F79EFBC}") = "MoodleDownloader", "MoodleDownloader\MoodleDownloader.csproj", "{9E8F37D7-5BCA-4EDB-9717-7AE2F4D0E108}"
EndProject
Global
	GlobalSection(SolutionConfigurationPlatforms) = preSolution
		Debug|Any CPU = Debug|Any CPU
		Release|Any CPU = Release|Any CPU
	EndGlobalSection
	GlobalSection(ProjectConfigurationPlatforms) = postSolution
		{9E8F37D7-5BCA-4EDB-9717-7AE2F4D0E108}.Debug|Any CPU.ActiveCfg = Debug|Any CPU
		{9E8F37D7-5BCA-4EDB-9717-7AE2F4D0E108}.Debug|Any CPU.Build.0 = Debug|Any CPU
		{9E8F37D7-5BCA-4EDB-9717-7AE2F4D0E108}.Release|Any CPU.ActiveCfg = Release|Any CPU
		{9E8F37D7-5BCA-4EDB-9717-7AE2F4D0E108}.Release|Any CPU.Build.0 = Release|Any CPU
	EndGlobalSection
	GlobalSection(SolutionProperties) = preSolution
		HideSolutionNode = FALSE
	EndGlobalSection
	GlobalSection(ExtensibilityGlobals) = postSolution
		SolutionGuid = {B24FF308-94EA-486E-9FFB-528DAEE4C822}
	EndGlobalSection
EndGlobal
